
Microsoft Visual Studio Solution File, Format Version 12.00
# Visual Studio 14
VisualStudioVersion = 14.0.24720.0
MinimumVisualStudioVersion = 10.0.40219.1
Project("{FAE04EC0-301F-11D3-BF4B-00C04F79EFBC}") = "AudioSwitcher", "AudioSwitcher\AudioSwitcher.csproj", "{8F82476F-30DC-47A5-80A0-AB8437E4EEA5}"
EndProject
Project("{2150E333-8FDC-42A3-9474-1A3956D46DE8}") = ".nuget", ".nuget", "{44D8C18F-D4F9-4248-8AB7-3F4A8CBA3517}"
	ProjectSection(SolutionItems) = preProject
		.nuget\packages.config = .nuget\packages.config
	EndProjectSection
EndProject
Project("{FAE04EC0-301F-11D3-BF4B-00C04F79EFBC}") = "AudioSwitcherApi", "AudioSwitcherApi\AudioSwitcherApi.csproj", "{5A31FBA5-0BFE-4845-8730-98636542C546}"
EndProject
Global
	GlobalSection(SolutionConfigurationPlatforms) = preSolution
		Debug|x86 = Debug|x86
		Release|x86 = Release|x86
	EndGlobalSection
	GlobalSection(ProjectConfigurationPlatforms) = postSolution
		{8F82476F-30DC-47A5-80A0-AB8437E4EEA5}.Debug|x86.ActiveCfg = Debug|x86
		{8F82476F-30DC-47A5-80A0-AB8437E4EEA5}.Debug|x86.Build.0 = Debug|x86
		{8F82476F-30DC-47A5-80A0-AB8437E4EEA5}.Release|x86.ActiveCfg = Release|x86
		{8F82476F-30DC-47A5-80A0-AB8437E4EEA5}.Release|x86.Build.0 = Release|x86
		{5A31FBA5-0BFE-4845-8730-98636542C546}.Debug|x86.ActiveCfg = Debug|x86
		{5A31FBA5-0BFE-4845-8730-98636542C546}.Debug|x86.Build.0 = Debug|x86
		{5A31FBA5-0BFE-4845-8730-98636542C546}.Release|x86.ActiveCfg = Release|x86
		{5A31FBA5-0BFE-4845-8730-98636542C546}.Release|x86.Build.0 = Release|x86
	EndGlobalSection
	GlobalSection(SolutionProperties) = preSolution
		HideSolutionNode = FALSE
	EndGlobalSection
EndGlobal
